
Microsoft Visual Studio Solution File, Format Version 12.00
# Visual Studio Version 16
VisualStudioVersion = 16.0.30503.244
MinimumVisualStudioVersion = 10.0.40219.1
Project("{8BC9CEB8-8B4A-11D0-8D11-00A0C91BC942}") = "FightLeetcode", "FightLeetcode\FightLeetcode.vcxproj", "{29574C3B-1BD5-448C-8630-289E5D84F075}"
EndProject
Global
	GlobalSection(SolutionConfigurationPlatforms) = preSolution
		Debug|x64 = Debug|x64
		Debug|x86 = Debug|x86
		Release|x64 = Release|x64
		Release|x86 = Release|x86
	EndGlobalSection
	GlobalSection(ProjectConfigurationPlatforms) = postSolution
		{29574C3B-1BD5-448C-8630-289E5D84F075}.Debug|x64.ActiveCfg = Debug|x64
		{29574C3B-1BD5-448C-8630-289E5D84F075}.Debug|x64.Build.0 = Debug|x64
		{29574C3B-1BD5-448C-8630-289E5D84F075}.Debug|x86.ActiveCfg = Debug|Win32
		{29574C3B-1BD5-448C-8630-289E5D84F075}.Debug|x86.Build.0 = Debug|Win32
		{29574C3B-1BD5-448C-8630-289E5D84F075}.Release|x64.ActiveCfg = Release|x64
		{29574C3B-1BD5-448C-8630-289E5D84F075}.Release|x64.Build.0 = Release|x64
		{29574C3B-1BD5-448C-8630-289E5D84F075}.Release|x86.ActiveCfg = Release|Win32
		{29574C3B-1BD5-448C-8630-289E5D84F075}.Release|x86.Build.0 = Release|Win32
	EndGlobalSection
	GlobalSection(SolutionProperties) = preSolution
		HideSolutionNode = FALSE
	EndGlobalSection
	GlobalSection(ExtensibilityGlobals) = postSolution
		SolutionGuid = {A1601728-F82E-4FA2-BBD1-00B7A058EFB0}
	EndGlobalSection
EndGlobal
