<?xml version="1.0" encoding="utf-8"?>
<Project ToolsVersion="4.0" xmlns="http://schemas.microsoft.com/developer/msbuild/2003">
  <ItemGroup>
    <Filter Include="源文件">
      <UniqueIdentifier>{4FC737F1-C7A5-4376-A066-2A32D752A2FF}</UniqueIdentifier>
      <Extensions>cpp;c;cc;cxx;c++;cppm;ixx;def;odl;idl;hpj;bat;asm;asmx</Extensions>
    </Filter>
    <Filter Include="头文件">
      <UniqueIdentifier>{93995380-89BD-4b04-88EB-625FBE52EBFB}</UniqueIdentifier>
      <Extensions>h;hh;hpp;hxx;h++;hm;inl;inc;ipp;xsd</Extensions>
    </Filter>
    <Filter Include="资源文件">
      <UniqueIdentifier>{67DA6AB6-F800-4c08-8B7A-83BB121AAD01}</UniqueIdentifier>
      <Extensions>rc;ico;cur;bmp;dlg;rc2;rct;bin;rgs;gif;jpg;jpeg;jpe;resx;tiff;tif;png;wav;mfcribbon-ms</Extensions>
    </Filter>
    <Filter Include="源文件\二叉树">
      <UniqueIdentifier>{b34cc389-5073-4f3a-8a7e-55882c4210c3}</UniqueIdentifier>
    </Filter>
    <Filter Include="源文件\二叉树\二叉树学习">
      <UniqueIdentifier>{c2bd7a9d-0a3e-4f39-84e2-f9fb813bd611}</UniqueIdentifier>
    </Filter>
    <Filter Include="源文件\二叉树\刷题">
      <UniqueIdentifier>{7838edec-d9f7-45db-bb86-fbda08970bb1}</UniqueIdentifier>
    </Filter>
  </ItemGroup>
  <ItemGroup>
    <ClCompile Include="二叉树\基础\102-层次遍历.cpp">
      <Filter>源文件</Filter>
    </ClCompile>
    <ClCompile Include="二叉树\基础\114-二叉树的前序遍历.cpp">
      <Filter>源文件\二叉树\二叉树学习</Filter>
    </ClCompile>
    <ClCompile Include="二叉树\基础\145-后续遍历.cpp">
      <Filter>源文件</Filter>
    </ClCompile>
    <ClCompile Include="二叉树\基础\95-中序遍历.cpp">
      <Filter>源文件</Filter>
    </ClCompile>
    <ClCompile Include="二叉树\刷题\101对称二叉树.cpp">
      <Filter>源文件</Filter>
    </ClCompile>
    <ClCompile Include="二叉树\刷题\104-二叉树最大深度.cpp">
      <Filter>源文件</Filter>
    </ClCompile>
    <ClCompile Include="二叉树\刷题\112-路径总和.cpp">
      <Filter>源文件</Filter>
    </ClCompile>
  </ItemGroup>
</Project>